
Microsoft Visual Studio Solution File, Format Version 12.00
# Visual Studio Version 17
VisualStudioVersion = 17.0.31903.59
MinimumVisualStudioVersion = 10.0.40219.1
Project("{FAE04EC0-301F-11D3-BF4B-00C04F79EFBC}") = "UniversityApi.Api", "UniversityApi.Api\UniversityApi.Api.csproj", "{36BB905B-02FE-49DE-9C60-D3ABD3FE2B0C}"
EndProject
Project("{FAE04EC0-301F-11D3-BF4B-00C04F79EFBC}") = "UniversityApi.Domain", "UniversityApi.Domain\UniversityApi.Domain.csproj", "{7A8D00FD-90DF-48F3-89EE-4AC94D1A0CA9}"
EndProject
Project("{FAE04EC0-301F-11D3-BF4B-00C04F79EFBC}") = "UniversityApi.Application", "UniversityApi.Application\UniversityApi.Application.csproj", "{9E5172EF-D750-4218-978E-E441423B5347}"
EndProject
Project("{FAE04EC0-301F-11D3-BF4B-00C04F79EFBC}") = "UniversityApi.Infrastructure", "UniversityApi.Infrastructure\UniversityApi.Infrastructure.csproj", "{5CC99780-EBA9-400F-B35C-40902F9B11C8}"
EndProject
Project("{FAE04EC0-301F-11D3-BF4B-00C04F79EFBC}") = "UniversityApi.Identity", "UniversityApi.Identity\UniversityApi.Identity.csproj", "{4E849A37-78C1-4567-B20B-45D5A25AFCD6}"
EndProject
Global
	GlobalSection(SolutionConfigurationPlatforms) = preSolution
		Debug|Any CPU = Debug|Any CPU
		Release|Any CPU = Release|Any CPU
	EndGlobalSection
	GlobalSection(SolutionProperties) = preSolution
		HideSolutionNode = FALSE
	EndGlobalSection
	GlobalSection(ProjectConfigurationPlatforms) = postSolution
		{36BB905B-02FE-49DE-9C60-D3ABD3FE2B0C}.Debug|Any CPU.ActiveCfg = Debug|Any CPU
		{36BB905B-02FE-49DE-9C60-D3ABD3FE2B0C}.Debug|Any CPU.Build.0 = Debug|Any CPU
		{36BB905B-02FE-49DE-9C60-D3ABD3FE2B0C}.Release|Any CPU.ActiveCfg = Release|Any CPU
		{36BB905B-02FE-49DE-9C60-D3ABD3FE2B0C}.Release|Any CPU.Build.0 = Release|Any CPU
		{7A8D00FD-90DF-48F3-89EE-4AC94D1A0CA9}.Debug|Any CPU.ActiveCfg = Debug|Any CPU
		{7A8D00FD-90DF-48F3-89EE-4AC94D1A0CA9}.Debug|Any CPU.Build.0 = Debug|Any CPU
		{7A8D00FD-90DF-48F3-89EE-4AC94D1A0CA9}.Release|Any CPU.ActiveCfg = Release|Any CPU
		{7A8D00FD-90DF-48F3-89EE-4AC94D1A0CA9}.Release|Any CPU.Build.0 = Release|Any CPU
		{9E5172EF-D750-4218-978E-E441423B5347}.Debug|Any CPU.ActiveCfg = Debug|Any CPU
		{9E5172EF-D750-4218-978E-E441423B5347}.Debug|Any CPU.Build.0 = Debug|Any CPU
		{9E5172EF-D750-4218-978E-E441423B5347}.Release|Any CPU.ActiveCfg = Release|Any CPU
		{9E5172EF-D750-4218-978E-E441423B5347}.Release|Any CPU.Build.0 = Release|Any CPU
		{5CC99780-EBA9-400F-B35C-40902F9B11C8}.Debug|Any CPU.ActiveCfg = Debug|Any CPU
		{5CC99780-EBA9-400F-B35C-40902F9B11C8}.Debug|Any CPU.Build.0 = Debug|Any CPU
		{5CC99780-EBA9-400F-B35C-40902F9B11C8}.Release|Any CPU.ActiveCfg = Release|Any CPU
		{5CC99780-EBA9-400F-B35C-40902F9B11C8}.Release|Any CPU.Build.0 = Release|Any CPU
		{4E849A37-78C1-4567-B20B-45D5A25AFCD6}.Debug|Any CPU.ActiveCfg = Debug|Any CPU
		{4E849A37-78C1-4567-B20B-45D5A25AFCD6}.Debug|Any CPU.Build.0 = Debug|Any CPU
		{4E849A37-78C1-4567-B20B-45D5A25AFCD6}.Release|Any CPU.ActiveCfg = Release|Any CPU
		{4E849A37-78C1-4567-B20B-45D5A25AFCD6}.Release|Any CPU.Build.0 = Release|Any CPU
	EndGlobalSection
EndGlobal
